{
  "name": "uxp-template-ps-starter",
  "version": "1.0.0",
  "lockfileVersion": 3,
  "requires": true,
  "packages": {
    "": {
      "name": "uxp-template-ps-starter",
      "version": "1.0.0",
      "license": "Apache-2.0",
      "dependencies": {
        "@spectrum-web-components/action-button": "^0.48.0"
      }
    },
    "node_modules/@lit-labs/observers": {
      "version": "2.0.3",
      "resolved": "https://registry.npmjs.org/@lit-labs/observers/-/observers-2.0.3.tgz",
      "integrity": "sha512-CeftEJ2TId9iohDJHLjUXiSBVndqjIBaALjeTt8OmgWLh2dnIzwlj4WtPCiJw15uR1s6D6wyCsw0AoJC5/9QXw==",
      "license": "BSD-3-Clause",
      "dependencies": {
        "@lit/reactive-element": "^1.0.0 || ^2.0.0",
        "lit-html": "^3.2.0"
      }
    },
    "node_modules/@lit-labs/ssr-dom-shim": {
      "version": "1.2.1",
      "resolved": "https://registry.npmjs.org/@lit-labs/ssr-dom-shim/-/ssr-dom-shim-1.2.1.tgz",
      "integrity": "sha512-wx4aBmgeGvFmOKucFKY+8VFJSYZxs9poN3SDNQFF6lT6NrQUnHiPB2PWz2sc4ieEcAaYYzN+1uWahEeTq2aRIQ==",
      "license": "BSD-3-Clause"
    },
    "node_modules/@lit/reactive-element": {
      "version": "2.0.4",
      "resolved": "https://registry.npmjs.org/@lit/reactive-element/-/reactive-element-2.0.4.tgz",
      "integrity": "sha512-GFn91inaUa2oHLak8awSIigYz0cU0Payr1rcFsrkf5OJ5eSPxElyZfKh0f2p9FsTiZWXQdWGJeXZICEfXXYSXQ==",
      "license": "BSD-3-Clause",
      "dependencies": {
        "@lit-labs/ssr-dom-shim": "^1.2.0"
      }
    },
    "node_modules/@spectrum-web-components/action-button": {
      "version": "0.48.0",
      "resolved": "https://registry.npmjs.org/@spectrum-web-components/action-button/-/action-button-0.48.0.tgz",
      "integrity": "sha512-n03JArVkTTC/7KA+BegmC/JOOz8Ay0bHh3yxHKokIwltxJVPaoErhwXMJvkzE3+YCI1Op69MzU4wzh/CZALuiw==",
      "license": "Apache-2.0",
      "dependencies": {
        "@spectrum-web-components/base": "^0.48.0",
        "@spectrum-web-components/button": "^0.48.0",
        "@spectrum-web-components/icon": "^0.48.0",
        "@spectrum-web-components/icons-ui": "^0.48.0",
        "@spectrum-web-components/shared": "^0.48.0"
      }
    },
    "node_modules/@spectrum-web-components/base": {
      "version": "0.48.0",
      "resolved": "https://registry.npmjs.org/@spectrum-web-components/base/-/base-0.48.0.tgz",
      "integrity": "sha512-CKefj42kVoA70zCH5wggZPO9gN1RDSKtY2fAcyweFI0izraOSU8w8MVb/GnOOWs105hd8BaqzpfB72Ea9NHmsw==",
      "license": "Apache-2.0",
      "dependencies": {
        "lit": "^2.5.0 || ^3.1.3"
      }
    },
    "node_modules/@spectrum-web-components/button": {
      "version": "0.48.0",
      "resolved": "https://registry.npmjs.org/@spectrum-web-components/button/-/button-0.48.0.tgz",
      "integrity": "sha512-U+R3Ro8/DEQmCxuMd6d7Nw7Gu1ZhH/Ihq0p/GMSZYrTjhPYiTMu+MUDdJ2cTHGxVaSaJWEOG3olp85r66OASuQ==",
      "license": "Apache-2.0",
      "dependencies": {
        "@spectrum-web-components/base": "^0.48.0",
        "@spectrum-web-components/clear-button": "^0.48.0",
        "@spectrum-web-components/close-button": "^0.48.0",
        "@spectrum-web-components/icon": "^0.48.0",
        "@spectrum-web-components/icons-ui": "^0.48.0",
        "@spectrum-web-components/progress-circle": "^0.48.0",
        "@spectrum-web-components/shared": "^0.48.0"
      }
    },
    "node_modules/@spectrum-web-components/clear-button": {
      "version": "0.48.0",
      "resolved": "https://registry.npmjs.org/@spectrum-web-components/clear-button/-/clear-button-0.48.0.tgz",
      "integrity": "sha512-0m1jixHs3X8cgf8TVq0bx9hNrze+1sd8wJsQNRg35pN+dkyDCd6/sOVmOeYkrq2P41IbpiqMc8MAN/+2k9rmfA==",
      "license": "Apache-2.0",
      "dependencies": {
        "@spectrum-web-components/base": "^0.48.0"
      }
    },
    "node_modules/@spectrum-web-components/close-button": {
      "version": "0.48.0",
      "resolved": "https://registry.npmjs.org/@spectrum-web-components/close-button/-/close-button-0.48.0.tgz",
      "integrity": "sha512-KnjAY8Ac9usCF5AmrHe711P5Mv3d6IDKGEKScm0dxmlr+VR1k+faua0Fk6Bkivr5cqDmvupPR7eQEuc3S9n7oA==",
      "license": "Apache-2.0",
      "dependencies": {
        "@spectrum-web-components/base": "^0.48.0"
      }
    },
    "node_modules/@spectrum-web-components/icon": {
      "version": "0.48.0",
      "resolved": "https://registry.npmjs.org/@spectrum-web-components/icon/-/icon-0.48.0.tgz",
      "integrity": "sha512-2V6zmMh0yBC0Y0vIiUciXxqI016q4ZEN9k+dzIJYrlz9C5maCQHZXNIGZDmYKeAJsRnRx3dEuDcNmGaZWGIPOw==",
      "license": "Apache-2.0",
      "dependencies": {
        "@spectrum-web-components/base": "^0.48.0",
        "@spectrum-web-components/iconset": "^0.48.0"
      }
    },
    "node_modules/@spectrum-web-components/icons-ui": {
      "version": "0.48.0",
      "resolved": "https://registry.npmjs.org/@spectrum-web-components/icons-ui/-/icons-ui-0.48.0.tgz",
      "integrity": "sha512-EtaqjErPjZxGGypRS6/BZ4RBewku/3m6rVvNvl2+4FX3CMHdZuxle4UPetDDAZM92FA2H5MSTwi/9X/VL/k8fA==",
      "license": "Apache-2.0",
      "dependencies": {
        "@spectrum-web-components/base": "^0.48.0",
        "@spectrum-web-components/icon": "^0.48.0",
        "@spectrum-web-components/iconset": "^0.48.0"
      }
    },
    "node_modules/@spectrum-web-components/iconset": {
      "version": "0.48.0",
      "resolved": "https://registry.npmjs.org/@spectrum-web-components/iconset/-/iconset-0.48.0.tgz",
      "integrity": "sha512-vsNUxphb4ZWkhq8J/858vWOj2SNCtE0FjkutC5HaEIynpJKrp/cpJ1nTvgc/GzEeJbQo14QGv1lyi9d4CpIQ7A==",
      "license": "Apache-2.0",
      "dependencies": {
        "@spectrum-web-components/base": "^0.48.0"
      }
    },
    "node_modules/@spectrum-web-components/progress-circle": {
      "version": "0.48.0",
      "resolved": "https://registry.npmjs.org/@spectrum-web-components/progress-circle/-/progress-circle-0.48.0.tgz",
      "integrity": "sha512-4uxn+3sK1YyAufzPZdptMgQlFZByOQx9Tk5Pgv6MxPvASTj3nguuaIhD+Oy1jQgqcMXKarzNw9mTFtPBkti8pQ==",
      "license": "Apache-2.0",
      "dependencies": {
        "@spectrum-web-components/base": "^0.48.0",
        "@spectrum-web-components/shared": "^0.48.0"
      }
    },
    "node_modules/@spectrum-web-components/shared": {
      "version": "0.48.0",
      "resolved": "https://registry.npmjs.org/@spectrum-web-components/shared/-/shared-0.48.0.tgz",
      "integrity": "sha512-GVjra0BSHBo8ObQ7rYfPuXALQwPNRGn0DAMmX24XpCMloP7OxdfJ4Dy/e+zRm0Vddvh9QVXSIieyYb0iy5HRdg==",
      "license": "Apache-2.0",
      "dependencies": {
        "@lit-labs/observers": "^2.0.2",
        "@spectrum-web-components/base": "^0.48.0",
        "focus-visible": "^5.1.0"
      }
    },
    "node_modules/@types/trusted-types": {
      "version": "2.0.7",
      "resolved": "https://registry.npmjs.org/@types/trusted-types/-/trusted-types-2.0.7.tgz",
      "integrity": "sha512-ScaPdn1dQczgbl0QFTeTOmVHFULt394XJgOQNoyVhZ6r2vLnMLJfBPd53SB52T/3G36VI1/g2MZaX0cwDuXsfw==",
      "license": "MIT"
    },
    "node_modules/focus-visible": {
      "version": "5.2.1",
      "resolved": "https://registry.npmjs.org/focus-visible/-/focus-visible-5.2.1.tgz",
      "integrity": "sha512-8Bx950VD1bWTQJEH/AM6SpEk+SU55aVnp4Ujhuuxy3eMEBCRwBnTBnVXr9YAPvZL3/CNjCa8u4IWfNmEO53whA==",
      "license": "W3C"
    },
    "node_modules/lit": {
      "version": "3.2.0",
      "resolved": "https://registry.npmjs.org/lit/-/lit-3.2.0.tgz",
      "integrity": "sha512-s6tI33Lf6VpDu7u4YqsSX78D28bYQulM+VAzsGch4fx2H0eLZnJsUBsPWmGYSGoKDNbjtRv02rio1o+UdPVwvw==",
      "license": "BSD-3-Clause",
      "dependencies": {
        "@lit/reactive-element": "^2.0.4",
        "lit-element": "^4.1.0",
        "lit-html": "^3.2.0"
      }
    },
    "node_modules/lit-element": {
      "version": "4.1.0",
      "resolved": "https://registry.npmjs.org/lit-element/-/lit-element-4.1.0.tgz",
      "integrity": "sha512-gSejRUQJuMQjV2Z59KAS/D4iElUhwKpIyJvZ9w+DIagIQjfJnhR20h2Q5ddpzXGS+fF0tMZ/xEYGMnKmaI/iww==",
      "license": "BSD-3-Clause",
      "dependencies": {
        "@lit-labs/ssr-dom-shim": "^1.2.0",
        "@lit/reactive-element": "^2.0.4",
        "lit-html": "^3.2.0"
      }
    },
    "node_modules/lit-html": {
      "version": "3.2.0",
      "resolved": "https://registry.npmjs.org/lit-html/-/lit-html-3.2.0.tgz",
      "integrity": "sha512-pwT/HwoxqI9FggTrYVarkBKFN9MlTUpLrDHubTmW4SrkL3kkqW5gxwbxMMUnbbRHBC0WTZnYHcjDSCM559VyfA==",
      "license": "BSD-3-Clause",
      "dependencies": {
        "@types/trusted-types": "^2.0.2"
      }
    }
  }
}
